// !$*UTF8*$!
{
	archiveVersion = 1;
	classes = {
	};
	objectVersion = 55;
	objects = {

/* Begin PBXBuildFile section */
		3E3089DC27FE2DF000035C50 /* ArtistHubUI in Frameworks */ = {isa = PBXBuildFile; productRef = 3E3089DB27FE2DF000035C50 /* ArtistHubUI */; };
		3E49374827FE29C300B15992 /* ArtistListView.swift in Sources */ = {isa = PBXBuildFile; fileRef = 3E49374027FE29C300B15992 /* ArtistListView.swift */; };
		3E49374A27FE29C300B15992 /* NavigationBarAppearanceConfigurator.swift in Sources */ = {isa = PBXBuildFile; fileRef = 3E49374227FE29C300B15992 /* NavigationBarAppearanceConfigurator.swift */; };
		3E49374D27FE29C300B15992 /* ArtistEntryView.swift in Sources */ = {isa = PBXBuildFile; fileRef = 3E49374527FE29C300B15992 /* ArtistEntryView.swift */; };
		3E49375327FE2A0B00B15992 /* ComposableArchitecture in Frameworks */ = {isa = PBXBuildFile; productRef = 3E49375227FE2A0B00B15992 /* ComposableArchitecture */; };
		3E49375627FE2A1E00B15992 /* ArtistHubCore in Frameworks */ = {isa = PBXBuildFile; productRef = 3E49375527FE2A1E00B15992 /* ArtistHubCore */; };
		3E8E7D712801E30C00C0956F /* AppView.swift in Sources */ = {isa = PBXBuildFile; fileRef = 3E8E7D702801E30C00C0956F /* AppView.swift */; };
		3E8E7D732801E38700C0956F /* AppEnvironment.swift in Sources */ = {isa = PBXBuildFile; fileRef = 3E8E7D722801E38700C0956F /* AppEnvironment.swift */; };
		3E8E7D752801E3AC00C0956F /* AppAction.swift in Sources */ = {isa = PBXBuildFile; fileRef = 3E8E7D742801E3AC00C0956F /* AppAction.swift */; };
		3E8E7D772801E3DC00C0956F /* AppState.swift in Sources */ = {isa = PBXBuildFile; fileRef = 3E8E7D762801E3DC00C0956F /* AppState.swift */; };
		3E8E7D792801E7E900C0956F /* AppReducer.swift in Sources */ = {isa = PBXBuildFile; fileRef = 3E8E7D782801E7E900C0956F /* AppReducer.swift */; };
		3E8E7D802801EB1900C0956F /* AppLoadingView.swift in Sources */ = {isa = PBXBuildFile; fileRef = 3E8E7D7F2801EB1900C0956F /* AppLoadingView.swift */; };
		3E8E7D822801F0C000C0956F /* AppErrorView.swift in Sources */ = {isa = PBXBuildFile; fileRef = 3E8E7D812801F0C000C0956F /* AppErrorView.swift */; };
		3EDD2C8527F8AEDF008629C1 /* ArtistHubApp.swift in Sources */ = {isa = PBXBuildFile; fileRef = 3EDD2C8427F8AEDF008629C1 /* ArtistHubApp.swift */; };
		3EDD2C8927F8AEE0008629C1 /* Assets.xcassets in Resources */ = {isa = PBXBuildFile; fileRef = 3EDD2C8827F8AEE0008629C1 /* Assets.xcassets */; };
		3EDD2C9627F8AEE1008629C1 /* ArtistHubTests.swift in Sources */ = {isa = PBXBuildFile; fileRef = 3EDD2C9527F8AEE1008629C1 /* ArtistHubTests.swift */; };
/* End PBXBuildFile section */

/* Begin PBXContainerItemProxy section */
		3EDD2C9227F8AEE1008629C1 /* PBXContainerItemProxy */ = {
			isa = PBXContainerItemProxy;
			containerPortal = 3EDD2C7927F8AEDF008629C1 /* Project object */;
			proxyType = 1;
			remoteGlobalIDString = 3EDD2C8027F8AEDF008629C1;
			remoteInfo = ArtistHub;
		};
/* End PBXContainerItemProxy section */

/* Begin PBXFileReference section */
		3E3089D927FE2B6200035C50 /* artist-hub-core */ = {isa = PBXFileReference; lastKnownFileType = wrapper; path = "artist-hub-core"; sourceTree = "<group>"; };
		3E3089DA27FE2C5300035C50 /* artist-hub-ui */ = {isa = PBXFileReference; lastKnownFileType = wrapper; path = "artist-hub-ui"; sourceTree = "<group>"; };
		3E49374027FE29C300B15992 /* ArtistListView.swift */ = {isa = PBXFileReference; fileEncoding = 4; lastKnownFileType = sourcecode.swift; path = ArtistListView.swift; sourceTree = "<group>"; };
		3E49374227FE29C300B15992 /* NavigationBarAppearanceConfigurator.swift */ = {isa = PBXFileReference; fileEncoding = 4; lastKnownFileType = sourcecode.swift; path = NavigationBarAppearanceConfigurator.swift; sourceTree = "<group>"; };
		3E49374527FE29C300B15992 /* ArtistEntryView.swift */ = {isa = PBXFileReference; fileEncoding = 4; lastKnownFileType = sourcecode.swift; path = ArtistEntryView.swift; sourceTree = "<group>"; };
		3E8E7D702801E30C00C0956F /* AppView.swift */ = {isa = PBXFileReference; lastKnownFileType = sourcecode.swift; path = AppView.swift; sourceTree = "<group>"; };
		3E8E7D722801E38700C0956F /* AppEnvironment.swift */ = {isa = PBXFileReference; lastKnownFileType = sourcecode.swift; path = AppEnvironment.swift; sourceTree = "<group>"; };
		3E8E7D742801E3AC00C0956F /* AppAction.swift */ = {isa = PBXFileReference; lastKnownFileType = sourcecode.swift; path = AppAction.swift; sourceTree = "<group>"; };
		3E8E7D762801E3DC00C0956F /* AppState.swift */ = {isa = PBXFileReference; lastKnownFileType = sourcecode.swift; path = AppState.swift; sourceTree = "<group>"; };
		3E8E7D782801E7E900C0956F /* AppReducer.swift */ = {isa = PBXFileReference; lastKnownFileType = sourcecode.swift; path = AppReducer.swift; sourceTree = "<group>"; };
		3E8E7D7F2801EB1900C0956F /* AppLoadingView.swift */ = {isa = PBXFileReference; lastKnownFileType = sourcecode.swift; path = AppLoadingView.swift; sourceTree = "<group>"; };
		3E8E7D812801F0C000C0956F /* AppErrorView.swift */ = {isa = PBXFileReference; lastKnownFileType = sourcecode.swift; path = AppErrorView.swift; sourceTree = "<group>"; };
		3EDD2C8127F8AEDF008629C1 /* ArtistHub.app */ = {isa = PBXFileReference; explicitFileType = wrapper.application; includeInIndex = 0; path = ArtistHub.app; sourceTree = BUILT_PRODUCTS_DIR; };
		3EDD2C8427F8AEDF008629C1 /* ArtistHubApp.swift */ = {isa = PBXFileReference; lastKnownFileType = sourcecode.swift; path = ArtistHubApp.swift; sourceTree = "<group>"; };
		3EDD2C8827F8AEE0008629C1 /* Assets.xcassets */ = {isa = PBXFileReference; lastKnownFileType = folder.assetcatalog; path = Assets.xcassets; sourceTree = "<group>"; };
		3EDD2C9127F8AEE1008629C1 /* ArtistHubTests.xctest */ = {isa = PBXFileReference; explicitFileType = wrapper.cfbundle; includeInIndex = 0; path = ArtistHubTests.xctest; sourceTree = BUILT_PRODUCTS_DIR; };
		3EDD2C9527F8AEE1008629C1 /* ArtistHubTests.swift */ = {isa = PBXFileReference; lastKnownFileType = sourcecode.swift; path = ArtistHubTests.swift; sourceTree = "<group>"; };
/* End PBXFileReference section */

/* Begin PBXFrameworksBuildPhase section */
		3EDD2C7E27F8AEDF008629C1 /* Frameworks */ = {
			isa = PBXFrameworksBuildPhase;
			buildActionMask = 2147483647;
			files = (
				3E3089DC27FE2DF000035C50 /* ArtistHubUI in Frameworks */,
				3E49375627FE2A1E00B15992 /* ArtistHubCore in Frameworks */,
				3E49375327FE2A0B00B15992 /* ComposableArchitecture in Frameworks */,
			);
			runOnlyForDeploymentPostprocessing = 0;
		};
		3EDD2C8E27F8AEE1008629C1 /* Frameworks */ = {
			isa = PBXFrameworksBuildPhase;
			buildActionMask = 2147483647;
			files = (
			);
			runOnlyForDeploymentPostprocessing = 0;
		};
/* End PBXFrameworksBuildPhase section */

/* Begin PBXGroup section */
		3E49375427FE2A1E00B15992 /* Frameworks */ = {
			isa = PBXGroup;
			children = (
			);
			name = Frameworks;
			sourceTree = "<group>";
		};
		3E8E7D6E2801E2EC00C0956F /* App */ = {
			isa = PBXGroup;
			children = (
				3EDD2C8427F8AEDF008629C1 /* ArtistHubApp.swift */,
				3E8E7D7D2801EAD000C0956F /* State */,
				3E8E7D7C2801EAB300C0956F /* View */,
				3E8E7D7B2801EA9000C0956F /* Configuration */,
			);
			path = App;
			sourceTree = "<group>";
		};
		3E8E7D7A2801EA8200C0956F /* List */ = {
			isa = PBXGroup;
			children = (
				3E8E7D7E2801EAEC00C0956F /* View */,
			);
			path = List;
			sourceTree = "<group>";
		};
		3E8E7D7B2801EA9000C0956F /* Configuration */ = {
			isa = PBXGroup;
			children = (
				3E49374227FE29C300B15992 /* NavigationBarAppearanceConfigurator.swift */,
			);
			path = Configuration;
			sourceTree = "<group>";
		};
		3E8E7D7C2801EAB300C0956F /* View */ = {
			isa = PBXGroup;
			children = (
				3E8E7D702801E30C00C0956F /* AppView.swift */,
				3E8E7D7F2801EB1900C0956F /* AppLoadingView.swift */,
				3E8E7D812801F0C000C0956F /* AppErrorView.swift */,
			);
			path = View;
			sourceTree = "<group>";
		};
		3E8E7D7D2801EAD000C0956F /* State */ = {
			isa = PBXGroup;
			children = (
				3E8E7D722801E38700C0956F /* AppEnvironment.swift */,
				3E8E7D742801E3AC00C0956F /* AppAction.swift */,
				3E8E7D762801E3DC00C0956F /* AppState.swift */,
				3E8E7D782801E7E900C0956F /* AppReducer.swift */,
			);
			path = State;
			sourceTree = "<group>";
		};
		3E8E7D7E2801EAEC00C0956F /* View */ = {
			isa = PBXGroup;
			children = (
				3E49374527FE29C300B15992 /* ArtistEntryView.swift */,
				3E49374027FE29C300B15992 /* ArtistListView.swift */,
			);
			path = View;
			sourceTree = "<group>";
		};
		3EDD2C7827F8AEDF008629C1 = {
			isa = PBXGroup;
			children = (
				3E3089DA27FE2C5300035C50 /* artist-hub-ui */,
				3E3089D927FE2B6200035C50 /* artist-hub-core */,
				3EDD2C8327F8AEDF008629C1 /* ArtistHub */,
				3EDD2C9427F8AEE1008629C1 /* ArtistHubTests */,
				3EDD2C8227F8AEDF008629C1 /* Products */,
				3E49375427FE2A1E00B15992 /* Frameworks */,
			);
			sourceTree = "<group>";
		};
		3EDD2C8227F8AEDF008629C1 /* Products */ = {
			isa = PBXGroup;
			children = (
				3EDD2C8127F8AEDF008629C1 /* ArtistHub.app */,
				3EDD2C9127F8AEE1008629C1 /* ArtistHubTests.xctest */,
			);
			name = Products;
			sourceTree = "<group>";
		};
		3EDD2C8327F8AEDF008629C1 /* ArtistHub */ = {
			isa = PBXGroup;
			children = (
				3E8E7D7A2801EA8200C0956F /* List */,
				3E8E7D6E2801E2EC00C0956F /* App */,
				3EDD2C8827F8AEE0008629C1 /* Assets.xcassets */,
			);
			path = ArtistHub;
			sourceTree = "<group>";
		};
		3EDD2C9427F8AEE1008629C1 /* ArtistHubTests */ = {
			isa = PBXGroup;
			children = (
				3EDD2C9527F8AEE1008629C1 /* ArtistHubTests.swift */,
			);
			path = ArtistHubTests;
			sourceTree = "<group>";
		};
/* End PBXGroup section */

/* Begin PBXNativeTarget section */
		3EDD2C8027F8AEDF008629C1 /* ArtistHub */ = {
			isa = PBXNativeTarget;
			buildConfigurationList = 3EDD2CA527F8AEE1008629C1 /* Build configuration list for PBXNativeTarget "ArtistHub" */;
			buildPhases = (
				3EDD2C7D27F8AEDF008629C1 /* Sources */,
				3EDD2C7E27F8AEDF008629C1 /* Frameworks */,
				3EDD2C7F27F8AEDF008629C1 /* Resources */,
			);
			buildRules = (
			);
			dependencies = (
			);
			name = ArtistHub;
			packageProductDependencies = (
				3E49375227FE2A0B00B15992 /* ComposableArchitecture */,
				3E49375527FE2A1E00B15992 /* ArtistHubCore */,
				3E3089DB27FE2DF000035C50 /* ArtistHubUI */,
			);
			productName = ArtistHub;
			productReference = 3EDD2C8127F8AEDF008629C1 /* ArtistHub.app */;
			productType = "com.apple.product-type.application";
		};
		3EDD2C9027F8AEE1008629C1 /* ArtistHubTests */ = {
			isa = PBXNativeTarget;
			buildConfigurationList = 3EDD2CA827F8AEE1008629C1 /* Build configuration list for PBXNativeTarget "ArtistHubTests" */;
			buildPhases = (
				3EDD2C8D27F8AEE1008629C1 /* Sources */,
				3EDD2C8E27F8AEE1008629C1 /* Frameworks */,
				3EDD2C8F27F8AEE1008629C1 /* Resources */,
			);
			buildRules = (
			);
			dependencies = (
				3EDD2C9327F8AEE1008629C1 /* PBXTargetDependency */,
			);
			name = ArtistHubTests;
			productName = ArtistHubTests;
			productReference = 3EDD2C9127F8AEE1008629C1 /* ArtistHubTests.xctest */;
			productType = "com.apple.product-type.bundle.unit-test";
		};
/* End PBXNativeTarget section */

/* Begin PBXProject section */
		3EDD2C7927F8AEDF008629C1 /* Project object */ = {
			isa = PBXProject;
			attributes = {
				BuildIndependentTargetsInParallel = 1;
				LastSwiftUpdateCheck = 1320;
				LastUpgradeCheck = 1320;
				TargetAttributes = {
					3EDD2C8027F8AEDF008629C1 = {
						CreatedOnToolsVersion = 13.2.1;
					};
					3EDD2C9027F8AEE1008629C1 = {
						CreatedOnToolsVersion = 13.2.1;
						TestTargetID = 3EDD2C8027F8AEDF008629C1;
					};
				};
			};
			buildConfigurationList = 3EDD2C7C27F8AEDF008629C1 /* Build configuration list for PBXProject "ArtistHub" */;
			compatibilityVersion = "Xcode 13.0";
			developmentRegion = en;
			hasScannedForEncodings = 0;
			knownRegions = (
				en,
				Base,
			);
			mainGroup = 3EDD2C7827F8AEDF008629C1;
			packageReferences = (
				3E49375127FE2A0B00B15992 /* XCRemoteSwiftPackageReference "swift-composable-architecture" */,
			);
			productRefGroup = 3EDD2C8227F8AEDF008629C1 /* Products */;
			projectDirPath = "";
			projectRoot = "";
			targets = (
				3EDD2C8027F8AEDF008629C1 /* ArtistHub */,
				3EDD2C9027F8AEE1008629C1 /* ArtistHubTests */,
			);
		};
/* End PBXProject section */

/* Begin PBXResourcesBuildPhase section */
		3EDD2C7F27F8AEDF008629C1 /* Resources */ = {
			isa = PBXResourcesBuildPhase;
			buildActionMask = 2147483647;
			files = (
				3EDD2C8927F8AEE0008629C1 /* Assets.xcassets in Resources */,
			);
			runOnlyForDeploymentPostprocessing = 0;
		};
		3EDD2C8F27F8AEE1008629C1 /* Resources */ = {
			isa = PBXResourcesBuildPhase;
			buildActionMask = 2147483647;
			files = (
			);
			runOnlyForDeploymentPostprocessing = 0;
		};
/* End PBXResourcesBuildPhase section */

/* Begin PBXSourcesBuildPhase section */
		3EDD2C7D27F8AEDF008629C1 /* Sources */ = {
			isa = PBXSourcesBuildPhase;
			buildActionMask = 2147483647;
			files = (
				3E49374A27FE29C300B15992 /* NavigationBarAppearanceConfigurator.swift in Sources */,
				3E8E7D802801EB1900C0956F /* AppLoadingView.swift in Sources */,
				3E8E7D792801E7E900C0956F /* AppReducer.swift in Sources */,
				3E8E7D772801E3DC00C0956F /* AppState.swift in Sources */,
				3E49374827FE29C300B15992 /* ArtistListView.swift in Sources */,
				3E8E7D752801E3AC00C0956F /* AppAction.swift in Sources */,
				3E8E7D822801F0C000C0956F /* AppErrorView.swift in Sources */,
				3E8E7D712801E30C00C0956F /* AppView.swift in Sources */,
				3E8E7D732801E38700C0956F /* AppEnvironment.swift in Sources */,
				3E49374D27FE29C300B15992 /* ArtistEntryView.swift in Sources */,
				3EDD2C8527F8AEDF008629C1 /* ArtistHubApp.swift in Sources */,
			);
			runOnlyForDeploymentPostprocessing = 0;
		};
		3EDD2C8D27F8AEE1008629C1 /* Sources */ = {
			isa = PBXSourcesBuildPhase;
			buildActionMask = 2147483647;
			files = (
				3EDD2C9627F8AEE1008629C1 /* ArtistHubTests.swift in Sources */,
			);
			runOnlyForDeploymentPostprocessing = 0;
		};
/* End PBXSourcesBuildPhase section */

/* Begin PBXTargetDependency section */
		3EDD2C9327F8AEE1008629C1 /* PBXTargetDependency */ = {
			isa = PBXTargetDependency;
			target = 3EDD2C8027F8AEDF008629C1 /* ArtistHub */;
			targetProxy = 3EDD2C9227F8AEE1008629C1 /* PBXContainerItemProxy */;
		};
/* End PBXTargetDependency section */

/* Begin XCBuildConfiguration section */
		3EDD2CA327F8AEE1008629C1 /* Debug */ = {
			isa = XCBuildConfiguration;
			buildSettings = {
				ALWAYS_SEARCH_USER_PATHS = NO;
				CLANG_ANALYZER_NONNULL = YES;
				CLANG_ANALYZER_NUMBER_OBJECT_CONVERSION = YES_AGGRESSIVE;
				CLANG_CXX_LANGUAGE_STANDARD = "gnu++17";
				CLANG_CXX_LIBRARY = "libc++";
				CLANG_ENABLE_MODULES = YES;
				CLANG_ENABLE_OBJC_ARC = YES;
				CLANG_ENABLE_OBJC_WEAK = YES;
				CLANG_WARN_BLOCK_CAPTURE_AUTORELEASING = YES;
				CLANG_WARN_BOOL_CONVERSION = YES;
				CLANG_WARN_COMMA = YES;
				CLANG_WARN_CONSTANT_CONVERSION = YES;
				CLANG_WARN_DEPRECATED_OBJC_IMPLEMENTATIONS = YES;
				CLANG_WARN_DIRECT_OBJC_ISA_USAGE = YES_ERROR;
				CLANG_WARN_DOCUMENTATION_COMMENTS = YES;
				CLANG_WARN_EMPTY_BODY = YES;
				CLANG_WARN_ENUM_CONVERSION = YES;
				CLANG_WARN_INFINITE_RECURSION = YES;
				CLANG_WARN_INT_CONVERSION = YES;
				CLANG_WARN_NON_LITERAL_NULL_CONVERSION = YES;
				CLANG_WARN_OBJC_IMPLICIT_RETAIN_SELF = YES;
				CLANG_WARN_OBJC_LITERAL_CONVERSION = YES;
				CLANG_WARN_OBJC_ROOT_CLASS = YES_ERROR;
				CLANG_WARN_QUOTED_INCLUDE_IN_FRAMEWORK_HEADER = YES;
				CLANG_WARN_RANGE_LOOP_ANALYSIS = YES;
				CLANG_WARN_STRICT_PROTOTYPES = YES;
				CLANG_WARN_SUSPICIOUS_MOVE = YES;
				CLANG_WARN_UNGUARDED_AVAILABILITY = YES_AGGRESSIVE;
				CLANG_WARN_UNREACHABLE_CODE = YES;
				CLANG_WARN__DUPLICATE_METHOD_MATCH = YES;
				COPY_PHASE_STRIP = NO;
				DEBUG_INFORMATION_FORMAT = dwarf;
				ENABLE_STRICT_OBJC_MSGSEND = YES;
				ENABLE_TESTABILITY = YES;
				GCC_C_LANGUAGE_STANDARD = gnu11;
				GCC_DYNAMIC_NO_PIC = NO;
				GCC_NO_COMMON_BLOCKS = YES;
				GCC_OPTIMIZATION_LEVEL = 0;
				GCC_PREPROCESSOR_DEFINITIONS = (
					"DEBUG=1",
					"$(inherited)",
				);
				GCC_WARN_64_TO_32_BIT_CONVERSION = YES;
				GCC_WARN_ABOUT_RETURN_TYPE = YES_ERROR;
				GCC_WARN_UNDECLARED_SELECTOR = YES;
				GCC_WARN_UNINITIALIZED_AUTOS = YES_AGGRESSIVE;
				GCC_WARN_UNUSED_FUNCTION = YES;
				GCC_WARN_UNUSED_VARIABLE = YES;
				IPHONEOS_DEPLOYMENT_TARGET = 15.2;
				MTL_ENABLE_DEBUG_INFO = INCLUDE_SOURCE;
				MTL_FAST_MATH = YES;
				ONLY_ACTIVE_ARCH = YES;
				SDKROOT = iphoneos;
				SWIFT_ACTIVE_COMPILATION_CONDITIONS = DEBUG;
				SWIFT_OPTIMIZATION_LEVEL = "-Onone";
			};
			name = Debug;
		};
		3EDD2CA427F8AEE1008629C1 /* Release */ = {
			isa = XCBuildConfiguration;
			buildSettings = {
				ALWAYS_SEARCH_USER_PATHS = NO;
				CLANG_ANALYZER_NONNULL = YES;
				CLANG_ANALYZER_NUMBER_OBJECT_CONVERSION = YES_AGGRESSIVE;
				CLANG_CXX_LANGUAGE_STANDARD = "gnu++17";
				CLANG_CXX_LIBRARY = "libc++";
				CLANG_ENABLE_MODULES = YES;
				CLANG_ENABLE_OBJC_ARC = YES;
				CLANG_ENABLE_OBJC_WEAK = YES;
				CLANG_WARN_BLOCK_CAPTURE_AUTORELEASING = YES;
				CLANG_WARN_BOOL_CONVERSION = YES;
				CLANG_WARN_COMMA = YES;
				CLANG_WARN_CONSTANT_CONVERSION = YES;
				CLANG_WARN_DEPRECATED_OBJC_IMPLEMENTATIONS = YES;
				CLANG_WARN_DIRECT_OBJC_ISA_USAGE = YES_ERROR;
				CLANG_WARN_DOCUMENTATION_COMMENTS = YES;
				CLANG_WARN_EMPTY_BODY = YES;
				CLANG_WARN_ENUM_CONVERSION = YES;
				CLANG_WARN_INFINITE_RECURSION = YES;
				CLANG_WARN_INT_CONVERSION = YES;
				CLANG_WARN_NON_LITERAL_NULL_CONVERSION = YES;
				CLANG_WARN_OBJC_IMPLICIT_RETAIN_SELF = YES;
				CLANG_WARN_OBJC_LITERAL_CONVERSION = YES;
				CLANG_WARN_OBJC_ROOT_CLASS = YES_ERROR;
				CLANG_WARN_QUOTED_INCLUDE_IN_FRAMEWORK_HEADER = YES;
				CLANG_WARN_RANGE_LOOP_ANALYSIS = YES;
				CLANG_WARN_STRICT_PROTOTYPES = YES;
				CLANG_WARN_SUSPICIOUS_MOVE = YES;
				CLANG_WARN_UNGUARDED_AVAILABILITY = YES_AGGRESSIVE;
				CLANG_WARN_UNREACHABLE_CODE = YES;
				CLANG_WARN__DUPLICATE_METHOD_MATCH = YES;
				COPY_PHASE_STRIP = NO;
				DEBUG_INFORMATION_FORMAT = "dwarf-with-dsym";
				ENABLE_NS_ASSERTIONS = NO;
				ENABLE_STRICT_OBJC_MSGSEND = YES;
				GCC_C_LANGUAGE_STANDARD = gnu11;
				GCC_NO_COMMON_BLOCKS = YES;
				GCC_WARN_64_TO_32_BIT_CONVERSION = YES;
				GCC_WARN_ABOUT_RETURN_TYPE = YES_ERROR;
				GCC_WARN_UNDECLARED_SELECTOR = YES;
				GCC_WARN_UNINITIALIZED_AUTOS = YES_AGGRESSIVE;
				GCC_WARN_UNUSED_FUNCTION = YES;
				GCC_WARN_UNUSED_VARIABLE = YES;
				IPHONEOS_DEPLOYMENT_TARGET = 15.2;
				MTL_ENABLE_DEBUG_INFO = NO;
				MTL_FAST_MATH = YES;
				SDKROOT = iphoneos;
				SWIFT_COMPILATION_MODE = wholemodule;
				SWIFT_OPTIMIZATION_LEVEL = "-O";
				VALIDATE_PRODUCT = YES;
			};
			name = Release;
		};
		3EDD2CA627F8AEE1008629C1 /* Debug */ = {
			isa = XCBuildConfiguration;
			buildSettings = {
				ASSETCATALOG_COMPILER_APPICON_NAME = AppIcon;
				ASSETCATALOG_COMPILER_GLOBAL_ACCENT_COLOR_NAME = AccentColor;
				CODE_SIGN_STYLE = Automatic;
				CURRENT_PROJECT_VERSION = 1;
				DEVELOPMENT_TEAM = CPFPRP3P33;
				ENABLE_PREVIEWS = YES;
				GENERATE_INFOPLIST_FILE = YES;
				INFOPLIST_KEY_UIApplicationSceneManifest_Generation = YES;
				INFOPLIST_KEY_UIApplicationSupportsIndirectInputEvents = YES;
				INFOPLIST_KEY_UILaunchScreen_Generation = YES;
				INFOPLIST_KEY_UISupportedInterfaceOrientations_iPad = "UIInterfaceOrientationPortrait UIInterfaceOrientationPortraitUpsideDown UIInterfaceOrientationLandscapeLeft UIInterfaceOrientationLandscapeRight";
				INFOPLIST_KEY_UISupportedInterfaceOrientations_iPhone = "UIInterfaceOrientationPortrait UIInterfaceOrientationLandscapeLeft UIInterfaceOrientationLandscapeRight";
				LD_RUNPATH_SEARCH_PATHS = (
					"$(inherited)",
					"@executable_path/Frameworks",
				);
				MARKETING_VERSION = 1.0;
				PRODUCT_BUNDLE_IDENTIFIER = "com.swziy.swift-ui.ArtistHub";
				PRODUCT_NAME = "$(TARGET_NAME)";
				SWIFT_EMIT_LOC_STRINGS = YES;
				SWIFT_VERSION = 5.0;
				TARGETED_DEVICE_FAMILY = 1;
			};
			name = Debug;
		};
		3EDD2CA727F8AEE1008629C1 /* Release */ = {
			isa = XCBuildConfiguration;
			buildSettings = {
				ASSETCATALOG_COMPILER_APPICON_NAME = AppIcon;
				ASSETCATALOG_COMPILER_GLOBAL_ACCENT_COLOR_NAME = AccentColor;
				CODE_SIGN_STYLE = Automatic;
				CURRENT_PROJECT_VERSION = 1;
				DEVELOPMENT_TEAM = CPFPRP3P33;
				ENABLE_PREVIEWS = YES;
				GENERATE_INFOPLIST_FILE = YES;
				INFOPLIST_KEY_UIApplicationSceneManifest_Generation = YES;
				INFOPLIST_KEY_UIApplicationSupportsIndirectInputEvents = YES;
				INFOPLIST_KEY_UILaunchScreen_Generation = YES;
				INFOPLIST_KEY_UISupportedInterfaceOrientations_iPad = "UIInterfaceOrientationPortrait UIInterfaceOrientationPortraitUpsideDown UIInterfaceOrientationLandscapeLeft UIInterfaceOrientationLandscapeRight";
				INFOPLIST_KEY_UISupportedInterfaceOrientations_iPhone = "UIInterfaceOrientationPortrait UIInterfaceOrientationLandscapeLeft UIInterfaceOrientationLandscapeRight";
				LD_RUNPATH_SEARCH_PATHS = (
					"$(inherited)",
					"@executable_path/Frameworks",
				);
				MARKETING_VERSION = 1.0;
				PRODUCT_BUNDLE_IDENTIFIER = "com.swziy.swift-ui.ArtistHub";
				PRODUCT_NAME = "$(TARGET_NAME)";
				SWIFT_EMIT_LOC_STRINGS = YES;
				SWIFT_VERSION = 5.0;
				TARGETED_DEVICE_FAMILY = 1;
			};
			name = Release;
		};
		3EDD2CA927F8AEE1008629C1 /* Debug */ = {
			isa = XCBuildConfiguration;
			buildSettings = {
				ALWAYS_EMBED_SWIFT_STANDARD_LIBRARIES = YES;
				BUNDLE_LOADER = "$(TEST_HOST)";
				CODE_SIGN_STYLE = Automatic;
				CURRENT_PROJECT_VERSION = 1;
				DEVELOPMENT_TEAM = CPFPRP3P33;
				GENERATE_INFOPLIST_FILE = YES;
				IPHONEOS_DEPLOYMENT_TARGET = 15.2;
				MARKETING_VERSION = 1.0;
				PRODUCT_BUNDLE_IDENTIFIER = "com.swziy.swift-ui.ArtistHubTests";
				PRODUCT_NAME = "$(TARGET_NAME)";
				SWIFT_EMIT_LOC_STRINGS = NO;
				SWIFT_VERSION = 5.0;
				TARGETED_DEVICE_FAMILY = "1,2";
				TEST_HOST = "$(BUILT_PRODUCTS_DIR)/ArtistHub.app/ArtistHub";
			};
			name = Debug;
		};
		3EDD2CAA27F8AEE1008629C1 /* Release */ = {
			isa = XCBuildConfiguration;
			buildSettings = {
				ALWAYS_EMBED_SWIFT_STANDARD_LIBRARIES = YES;
				BUNDLE_LOADER = "$(TEST_HOST)";
				CODE_SIGN_STYLE = Automatic;
				CURRENT_PROJECT_VERSION = 1;
				DEVELOPMENT_TEAM = CPFPRP3P33;
				GENERATE_INFOPLIST_FILE = YES;
				IPHONEOS_DEPLOYMENT_TARGET = 15.2;
				MARKETING_VERSION = 1.0;
				PRODUCT_BUNDLE_IDENTIFIER = "com.swziy.swift-ui.ArtistHubTests";
				PRODUCT_NAME = "$(TARGET_NAME)";
				SWIFT_EMIT_LOC_STRINGS = NO;
				SWIFT_VERSION = 5.0;
				TARGETED_DEVICE_FAMILY = "1,2";
				TEST_HOST = "$(BUILT_PRODUCTS_DIR)/ArtistHub.app/ArtistHub";
			};
			name = Release;
		};
/* End XCBuildConfiguration section */

/* Begin XCConfigurationList section */
		3EDD2C7C27F8AEDF008629C1 /* Build configuration list for PBXProject "ArtistHub" */ = {
			isa = XCConfigurationList;
			buildConfigurations = (
				3EDD2CA327F8AEE1008629C1 /* Debug */,
				3EDD2CA427F8AEE1008629C1 /* Release */,
			);
			defaultConfigurationIsVisible = 0;
			defaultConfigurationName = Release;
		};
		3EDD2CA527F8AEE1008629C1 /* Build configuration list for PBXNativeTarget "ArtistHub" */ = {
			isa = XCConfigurationList;
			buildConfigurations = (
				3EDD2CA627F8AEE1008629C1 /* Debug */,
				3EDD2CA727F8AEE1008629C1 /* Release */,
			);
			defaultConfigurationIsVisible = 0;
			defaultConfigurationName = Release;
		};
		3EDD2CA827F8AEE1008629C1 /* Build configuration list for PBXNativeTarget "ArtistHubTests" */ = {
			isa = XCConfigurationList;
			buildConfigurations = (
				3EDD2CA927F8AEE1008629C1 /* Debug */,
				3EDD2CAA27F8AEE1008629C1 /* Release */,
			);
			defaultConfigurationIsVisible = 0;
			defaultConfigurationName = Release;
		};
/* End XCConfigurationList section */

/* Begin XCRemoteSwiftPackageReference section */
		3E49375127FE2A0B00B15992 /* XCRemoteSwiftPackageReference "swift-composable-architecture" */ = {
			isa = XCRemoteSwiftPackageReference;
			repositoryURL = "https://github.com/pointfreeco/swift-composable-architecture";
			requirement = {
				branch = main;
				kind = branch;
			};
		};
/* End XCRemoteSwiftPackageReference section */

/* Begin XCSwiftPackageProductDependency section */
		3E3089DB27FE2DF000035C50 /* ArtistHubUI */ = {
			isa = XCSwiftPackageProductDependency;
			productName = ArtistHubUI;
		};
		3E49375227FE2A0B00B15992 /* ComposableArchitecture */ = {
			isa = XCSwiftPackageProductDependency;
			package = 3E49375127FE2A0B00B15992 /* XCRemoteSwiftPackageReference "swift-composable-architecture" */;
			productName = ComposableArchitecture;
		};
		3E49375527FE2A1E00B15992 /* ArtistHubCore */ = {
			isa = XCSwiftPackageProductDependency;
			productName = ArtistHubCore;
		};
/* End XCSwiftPackageProductDependency section */
	};
	rootObject = 3EDD2C7927F8AEDF008629C1 /* Project object */;
}
